
Microsoft Visual Studio Solution File, Format Version 12.00
# Visual Studio Version 17
VisualStudioVersion = 17.2.32519.379
MinimumVisualStudioVersion = 10.0.40219.1
Project("{FAE04EC0-301F-11D3-BF4B-00C04F79EFBC}") = "ElectronicsAPI", "ElectronicsAPI\ElectronicsAPI.csproj", "{C9CFFE76-E3D7-46D9-BE88-1928D0F1BED2}"
EndProject
Project("{FAE04EC0-301F-11D3-BF4B-00C04F79EFBC}") = "Electronics.DataAccess", "Electronics.DataAccess\Electronics.DataAccess.csproj", "{F491F4D4-4B90-4CA1-8BB0-39857260AE8C}"
EndProject
Project("{FAE04EC0-301F-11D3-BF4B-00C04F79EFBC}") = "Electronics.Models", "Electronics.Models\Electronics.Models.csproj", "{59B6F218-077A-4894-8F11-44659E632ED4}"
EndProject
Global
	GlobalSection(SolutionConfigurationPlatforms) = preSolution
		Debug|Any CPU = Debug|Any CPU
		Release|Any CPU = Release|Any CPU
	EndGlobalSection
	GlobalSection(ProjectConfigurationPlatforms) = postSolution
		{C9CFFE76-E3D7-46D9-BE88-1928D0F1BED2}.Debug|Any CPU.ActiveCfg = Debug|Any CPU
		{C9CFFE76-E3D7-46D9-BE88-1928D0F1BED2}.Debug|Any CPU.Build.0 = Debug|Any CPU
		{C9CFFE76-E3D7-46D9-BE88-1928D0F1BED2}.Release|Any CPU.ActiveCfg = Release|Any CPU
		{C9CFFE76-E3D7-46D9-BE88-1928D0F1BED2}.Release|Any CPU.Build.0 = Release|Any CPU
		{F491F4D4-4B90-4CA1-8BB0-39857260AE8C}.Debug|Any CPU.ActiveCfg = Debug|Any CPU
		{F491F4D4-4B90-4CA1-8BB0-39857260AE8C}.Debug|Any CPU.Build.0 = Debug|Any CPU
		{F491F4D4-4B90-4CA1-8BB0-39857260AE8C}.Release|Any CPU.ActiveCfg = Release|Any CPU
		{F491F4D4-4B90-4CA1-8BB0-39857260AE8C}.Release|Any CPU.Build.0 = Release|Any CPU
		{59B6F218-077A-4894-8F11-44659E632ED4}.Debug|Any CPU.ActiveCfg = Debug|Any CPU
		{59B6F218-077A-4894-8F11-44659E632ED4}.Debug|Any CPU.Build.0 = Debug|Any CPU
		{59B6F218-077A-4894-8F11-44659E632ED4}.Release|Any CPU.ActiveCfg = Release|Any CPU
		{59B6F218-077A-4894-8F11-44659E632ED4}.Release|Any CPU.Build.0 = Release|Any CPU
	EndGlobalSection
	GlobalSection(SolutionProperties) = preSolution
		HideSolutionNode = FALSE
	EndGlobalSection
	GlobalSection(ExtensibilityGlobals) = postSolution
		SolutionGuid = {E5FEB692-4D3C-47B3-8BC1-C428019240AD}
	EndGlobalSection
EndGlobal
